// !$*UTF8*$!
{
	archiveVersion = 1;
	classes = {
	};
	objectVersion = 50;
	objects = {

/* Begin PBXBuildFile section */
		390ED8A122ABA78C0095B189 /* ProductionListView.swift in Sources */ = {isa = PBXBuildFile; fileRef = 390ED8A022ABA78C0095B189 /* ProductionListView.swift */; };
		390ED8A422ABA80A0095B189 /* ProductionCellViewable.swift in Sources */ = {isa = PBXBuildFile; fileRef = 390ED8A322ABA80A0095B189 /* ProductionCellViewable.swift */; };
		390ED8A622ABA9080095B189 /* DemoProduction.swift in Sources */ = {isa = PBXBuildFile; fileRef = 390ED8A522ABA9080095B189 /* DemoProduction.swift */; };
		39164E7022ABBC620015D311 /* ProductionListCell.swift in Sources */ = {isa = PBXBuildFile; fileRef = 39164E6F22ABBC620015D311 /* ProductionListCell.swift */; };
		39164E7222ABBDEF0015D311 /* ProductionDetailView.swift in Sources */ = {isa = PBXBuildFile; fileRef = 39164E7122ABBDEF0015D311 /* ProductionDetailView.swift */; };
		39164E7422ABBE1D0015D311 /* ProductionDetailViewable.swift in Sources */ = {isa = PBXBuildFile; fileRef = 39164E7322ABBE1D0015D311 /* ProductionDetailViewable.swift */; };
		39164E7622ABC3150015D311 /* ProductionListViewable.swift in Sources */ = {isa = PBXBuildFile; fileRef = 39164E7522ABC3150015D311 /* ProductionListViewable.swift */; };
		39164E7922ABC39C0015D311 /* Production+ViewProtocols.swift in Sources */ = {isa = PBXBuildFile; fileRef = 39164E7822ABC39C0015D311 /* Production+ViewProtocols.swift */; };
		391A18DE22ABB25100A97784 /* productions.json in Resources */ = {isa = PBXBuildFile; fileRef = 391A18DD22ABB25100A97784 /* productions.json */; };
		39DCA35122AB937800CF71C4 /* AppDelegate.swift in Sources */ = {isa = PBXBuildFile; fileRef = 39DCA35022AB937800CF71C4 /* AppDelegate.swift */; };
		39DCA35322AB937800CF71C4 /* SceneDelegate.swift in Sources */ = {isa = PBXBuildFile; fileRef = 39DCA35222AB937800CF71C4 /* SceneDelegate.swift */; };
		39DCA35622AB937800CF71C4 /* ShowReport.xcdatamodeld in Sources */ = {isa = PBXBuildFile; fileRef = 39DCA35422AB937800CF71C4 /* ShowReport.xcdatamodeld */; };
		39DCA35822AB937800CF71C4 /* ContentView.swift in Sources */ = {isa = PBXBuildFile; fileRef = 39DCA35722AB937800CF71C4 /* ContentView.swift */; };
		39DCA35A22AB937A00CF71C4 /* Assets.xcassets in Resources */ = {isa = PBXBuildFile; fileRef = 39DCA35922AB937A00CF71C4 /* Assets.xcassets */; };
		39DCA35D22AB937A00CF71C4 /* Preview Assets.xcassets in Resources */ = {isa = PBXBuildFile; fileRef = 39DCA35C22AB937A00CF71C4 /* Preview Assets.xcassets */; };
		39DCA36022AB937A00CF71C4 /* LaunchScreen.storyboard in Resources */ = {isa = PBXBuildFile; fileRef = 39DCA35E22AB937A00CF71C4 /* LaunchScreen.storyboard */; };
		39DCA36B22AB937A00CF71C4 /* ShowReportTests.swift in Sources */ = {isa = PBXBuildFile; fileRef = 39DCA36A22AB937A00CF71C4 /* ShowReportTests.swift */; };
/* End PBXBuildFile section */

/* Begin PBXContainerItemProxy section */
		39DCA36722AB937A00CF71C4 /* PBXContainerItemProxy */ = {
			isa = PBXContainerItemProxy;
			containerPortal = 39DCA34522AB937800CF71C4 /* Project object */;
			proxyType = 1;
			remoteGlobalIDString = 39DCA34C22AB937800CF71C4;
			remoteInfo = ShowReport;
		};
/* End PBXContainerItemProxy section */

/* Begin PBXFileReference section */
		390ED8A022ABA78C0095B189 /* ProductionListView.swift */ = {isa = PBXFileReference; lastKnownFileType = sourcecode.swift; path = ProductionListView.swift; sourceTree = "<group>"; };
		390ED8A322ABA80A0095B189 /* ProductionCellViewable.swift */ = {isa = PBXFileReference; lastKnownFileType = sourcecode.swift; path = ProductionCellViewable.swift; sourceTree = "<group>"; };
		390ED8A522ABA9080095B189 /* DemoProduction.swift */ = {isa = PBXFileReference; lastKnownFileType = sourcecode.swift; path = DemoProduction.swift; sourceTree = "<group>"; };
		39164E6F22ABBC620015D311 /* ProductionListCell.swift */ = {isa = PBXFileReference; lastKnownFileType = sourcecode.swift; path = ProductionListCell.swift; sourceTree = "<group>"; };
		39164E7122ABBDEF0015D311 /* ProductionDetailView.swift */ = {isa = PBXFileReference; lastKnownFileType = sourcecode.swift; path = ProductionDetailView.swift; sourceTree = "<group>"; };
		39164E7322ABBE1D0015D311 /* ProductionDetailViewable.swift */ = {isa = PBXFileReference; lastKnownFileType = sourcecode.swift; path = ProductionDetailViewable.swift; sourceTree = "<group>"; };
		39164E7522ABC3150015D311 /* ProductionListViewable.swift */ = {isa = PBXFileReference; lastKnownFileType = sourcecode.swift; path = ProductionListViewable.swift; sourceTree = "<group>"; };
		39164E7822ABC39C0015D311 /* Production+ViewProtocols.swift */ = {isa = PBXFileReference; lastKnownFileType = sourcecode.swift; path = "Production+ViewProtocols.swift"; sourceTree = "<group>"; };
		391A18DD22ABB25100A97784 /* productions.json */ = {isa = PBXFileReference; lastKnownFileType = text.json; path = productions.json; sourceTree = "<group>"; };
		39DCA34D22AB937800CF71C4 /* ShowReport.app */ = {isa = PBXFileReference; explicitFileType = wrapper.application; includeInIndex = 0; path = ShowReport.app; sourceTree = BUILT_PRODUCTS_DIR; };
		39DCA35022AB937800CF71C4 /* AppDelegate.swift */ = {isa = PBXFileReference; lastKnownFileType = sourcecode.swift; path = AppDelegate.swift; sourceTree = "<group>"; };
		39DCA35222AB937800CF71C4 /* SceneDelegate.swift */ = {isa = PBXFileReference; lastKnownFileType = sourcecode.swift; path = SceneDelegate.swift; sourceTree = "<group>"; };
		39DCA35522AB937800CF71C4 /* ShowReport.xcdatamodel */ = {isa = PBXFileReference; lastKnownFileType = wrapper.xcdatamodel; path = ShowReport.xcdatamodel; sourceTree = "<group>"; };
		39DCA35722AB937800CF71C4 /* ContentView.swift */ = {isa = PBXFileReference; lastKnownFileType = sourcecode.swift; path = ContentView.swift; sourceTree = "<group>"; };
		39DCA35922AB937A00CF71C4 /* Assets.xcassets */ = {isa = PBXFileReference; lastKnownFileType = folder.assetcatalog; path = Assets.xcassets; sourceTree = "<group>"; };
		39DCA35C22AB937A00CF71C4 /* Preview Assets.xcassets */ = {isa = PBXFileReference; lastKnownFileType = folder.assetcatalog; path = "Preview Assets.xcassets"; sourceTree = "<group>"; };
		39DCA35F22AB937A00CF71C4 /* Base */ = {isa = PBXFileReference; lastKnownFileType = file.storyboard; name = Base; path = Base.lproj/LaunchScreen.storyboard; sourceTree = "<group>"; };
		39DCA36122AB937A00CF71C4 /* Info.plist */ = {isa = PBXFileReference; lastKnownFileType = text.plist.xml; path = Info.plist; sourceTree = "<group>"; };
		39DCA36622AB937A00CF71C4 /* ShowReportTests.xctest */ = {isa = PBXFileReference; explicitFileType = wrapper.cfbundle; includeInIndex = 0; path = ShowReportTests.xctest; sourceTree = BUILT_PRODUCTS_DIR; };
		39DCA36A22AB937A00CF71C4 /* ShowReportTests.swift */ = {isa = PBXFileReference; lastKnownFileType = sourcecode.swift; path = ShowReportTests.swift; sourceTree = "<group>"; };
		39DCA36C22AB937A00CF71C4 /* Info.plist */ = {isa = PBXFileReference; lastKnownFileType = text.plist.xml; path = Info.plist; sourceTree = "<group>"; };
		39DCA37522AB939000CF71C4 /* README.md */ = {isa = PBXFileReference; lastKnownFileType = net.daringfireball.markdown; path = README.md; sourceTree = "<group>"; };
		39DCA37722AB9CC800CF71C4 /* LICENSE.txt */ = {isa = PBXFileReference; lastKnownFileType = text; path = LICENSE.txt; sourceTree = "<group>"; };
/* End PBXFileReference section */

/* Begin PBXFrameworksBuildPhase section */
		39DCA34A22AB937800CF71C4 /* Frameworks */ = {
			isa = PBXFrameworksBuildPhase;
			buildActionMask = 2147483647;
			files = (
			);
			runOnlyForDeploymentPostprocessing = 0;
		};
		39DCA36322AB937A00CF71C4 /* Frameworks */ = {
			isa = PBXFrameworksBuildPhase;
			buildActionMask = 2147483647;
			files = (
			);
			runOnlyForDeploymentPostprocessing = 0;
		};
/* End PBXFrameworksBuildPhase section */

/* Begin PBXGroup section */
		390ED8A222ABA7EF0095B189 /* Presentation Model */ = {
			isa = PBXGroup;
			children = (
				390ED8A322ABA80A0095B189 /* ProductionCellViewable.swift */,
				39164E7322ABBE1D0015D311 /* ProductionDetailViewable.swift */,
				39164E7522ABC3150015D311 /* ProductionListViewable.swift */,
			);
			path = "Presentation Model";
			sourceTree = "<group>";
		};
		39164E7722ABC38B0015D311 /* Data Model */ = {
			isa = PBXGroup;
			children = (
				39164E7822ABC39C0015D311 /* Production+ViewProtocols.swift */,
			);
			path = "Data Model";
			sourceTree = "<group>";
		};
		3927A68F22ABA6DB00DB36FE /* SwiftUI views */ = {
			isa = PBXGroup;
			children = (
				39DCA35722AB937800CF71C4 /* ContentView.swift */,
				390ED8A022ABA78C0095B189 /* ProductionListView.swift */,
				39164E6F22ABBC620015D311 /* ProductionListCell.swift */,
				39164E7122ABBDEF0015D311 /* ProductionDetailView.swift */,
			);
			path = "SwiftUI views";
			sourceTree = "<group>";
		};
		39DCA34422AB937800CF71C4 = {
			isa = PBXGroup;
			children = (
				39DCA34F22AB937800CF71C4 /* ShowReport */,
				39DCA36922AB937A00CF71C4 /* ShowReportTests */,
				39DCA34E22AB937800CF71C4 /* Products */,
				39DCA37622AB989600CF71C4 /* Docs */,
			);
			sourceTree = "<group>";
		};
		39DCA34E22AB937800CF71C4 /* Products */ = {
			isa = PBXGroup;
			children = (
				39DCA34D22AB937800CF71C4 /* ShowReport.app */,
				39DCA36622AB937A00CF71C4 /* ShowReportTests.xctest */,
			);
			name = Products;
			sourceTree = "<group>";
		};
		39DCA34F22AB937800CF71C4 /* ShowReport */ = {
			isa = PBXGroup;
			children = (
				39164E7722ABC38B0015D311 /* Data Model */,
				390ED8A222ABA7EF0095B189 /* Presentation Model */,
				3927A68F22ABA6DB00DB36FE /* SwiftUI views */,
				39DCA35022AB937800CF71C4 /* AppDelegate.swift */,
				39DCA35222AB937800CF71C4 /* SceneDelegate.swift */,
				39DCA35922AB937A00CF71C4 /* Assets.xcassets */,
				39DCA35E22AB937A00CF71C4 /* LaunchScreen.storyboard */,
				39DCA36122AB937A00CF71C4 /* Info.plist */,
				39DCA35422AB937800CF71C4 /* ShowReport.xcdatamodeld */,
				39DCA35B22AB937A00CF71C4 /* Preview Content */,
			);
			path = ShowReport;
			sourceTree = "<group>";
		};
		39DCA35B22AB937A00CF71C4 /* Preview Content */ = {
			isa = PBXGroup;
			children = (
				391A18DD22ABB25100A97784 /* productions.json */,
				39DCA35C22AB937A00CF71C4 /* Preview Assets.xcassets */,
				390ED8A522ABA9080095B189 /* DemoProduction.swift */,
			);
			path = "Preview Content";
			sourceTree = "<group>";
		};
		39DCA36922AB937A00CF71C4 /* ShowReportTests */ = {
			isa = PBXGroup;
			children = (
				39DCA36A22AB937A00CF71C4 /* ShowReportTests.swift */,
				39DCA36C22AB937A00CF71C4 /* Info.plist */,
			);
			path = ShowReportTests;
			sourceTree = "<group>";
		};
		39DCA37622AB989600CF71C4 /* Docs */ = {
			isa = PBXGroup;
			children = (
				39DCA37522AB939000CF71C4 /* README.md */,
				39DCA37722AB9CC800CF71C4 /* LICENSE.txt */,
			);
			name = Docs;
			sourceTree = "<group>";
		};
/* End PBXGroup section */

/* Begin PBXNativeTarget section */
		39DCA34C22AB937800CF71C4 /* ShowReport */ = {
			isa = PBXNativeTarget;
			buildConfigurationList = 39DCA36F22AB937A00CF71C4 /* Build configuration list for PBXNativeTarget "ShowReport" */;
			buildPhases = (
				39DCA34922AB937800CF71C4 /* Sources */,
				39DCA34A22AB937800CF71C4 /* Frameworks */,
				39DCA34B22AB937800CF71C4 /* Resources */,
			);
			buildRules = (
			);
			dependencies = (
			);
			name = ShowReport;
			productName = ShowReport;
			productReference = 39DCA34D22AB937800CF71C4 /* ShowReport.app */;
			productType = "com.apple.product-type.application";
		};
		39DCA36522AB937A00CF71C4 /* ShowReportTests */ = {
			isa = PBXNativeTarget;
			buildConfigurationList = 39DCA37222AB937A00CF71C4 /* Build configuration list for PBXNativeTarget "ShowReportTests" */;
			buildPhases = (
				39DCA36222AB937A00CF71C4 /* Sources */,
				39DCA36322AB937A00CF71C4 /* Frameworks */,
				39DCA36422AB937A00CF71C4 /* Resources */,
			);
			buildRules = (
			);
			dependencies = (
				39DCA36822AB937A00CF71C4 /* PBXTargetDependency */,
			);
			name = ShowReportTests;
			productName = ShowReportTests;
			productReference = 39DCA36622AB937A00CF71C4 /* ShowReportTests.xctest */;
			productType = "com.apple.product-type.bundle.unit-test";
		};
/* End PBXNativeTarget section */

/* Begin PBXProject section */
		39DCA34522AB937800CF71C4 /* Project object */ = {
			isa = PBXProject;
			attributes = {
				LastSwiftUpdateCheck = 1100;
				LastUpgradeCheck = 1100;
				ORGANIZATIONNAME = "Scott Matthewman";
				TargetAttributes = {
					39DCA34C22AB937800CF71C4 = {
						CreatedOnToolsVersion = 11.0;
					};
					39DCA36522AB937A00CF71C4 = {
						CreatedOnToolsVersion = 11.0;
						TestTargetID = 39DCA34C22AB937800CF71C4;
					};
				};
			};
			buildConfigurationList = 39DCA34822AB937800CF71C4 /* Build configuration list for PBXProject "ShowReport" */;
			compatibilityVersion = "Xcode 9.3";
			developmentRegion = en;
			hasScannedForEncodings = 0;
			knownRegions = (
				en,
				Base,
			);
			mainGroup = 39DCA34422AB937800CF71C4;
			productRefGroup = 39DCA34E22AB937800CF71C4 /* Products */;
			projectDirPath = "";
			projectRoot = "";
			targets = (
				39DCA34C22AB937800CF71C4 /* ShowReport */,
				39DCA36522AB937A00CF71C4 /* ShowReportTests */,
			);
		};
/* End PBXProject section */

/* Begin PBXResourcesBuildPhase section */
		39DCA34B22AB937800CF71C4 /* Resources */ = {
			isa = PBXResourcesBuildPhase;
			buildActionMask = 2147483647;
			files = (
				39DCA36022AB937A00CF71C4 /* LaunchScreen.storyboard in Resources */,
				39DCA35D22AB937A00CF71C4 /* Preview Assets.xcassets in Resources */,
				391A18DE22ABB25100A97784 /* productions.json in Resources */,
				39DCA35A22AB937A00CF71C4 /* Assets.xcassets in Resources */,
			);
			runOnlyForDeploymentPostprocessing = 0;
		};
		39DCA36422AB937A00CF71C4 /* Resources */ = {
			isa = PBXResourcesBuildPhase;
			buildActionMask = 2147483647;
			files = (
			);
			runOnlyForDeploymentPostprocessing = 0;
		};
/* End PBXResourcesBuildPhase section */

/* Begin PBXSourcesBuildPhase section */
		39DCA34922AB937800CF71C4 /* Sources */ = {
			isa = PBXSourcesBuildPhase;
			buildActionMask = 2147483647;
			files = (
				39DCA35622AB937800CF71C4 /* ShowReport.xcdatamodeld in Sources */,
				390ED8A422ABA80A0095B189 /* ProductionCellViewable.swift in Sources */,
				390ED8A122ABA78C0095B189 /* ProductionListView.swift in Sources */,
				39DCA35122AB937800CF71C4 /* AppDelegate.swift in Sources */,
				390ED8A622ABA9080095B189 /* DemoProduction.swift in Sources */,
				39DCA35822AB937800CF71C4 /* ContentView.swift in Sources */,
				39164E7422ABBE1D0015D311 /* ProductionDetailViewable.swift in Sources */,
				39164E7022ABBC620015D311 /* ProductionListCell.swift in Sources */,
				39DCA35322AB937800CF71C4 /* SceneDelegate.swift in Sources */,
				39164E7622ABC3150015D311 /* ProductionListViewable.swift in Sources */,
				39164E7222ABBDEF0015D311 /* ProductionDetailView.swift in Sources */,
				39164E7922ABC39C0015D311 /* Production+ViewProtocols.swift in Sources */,
			);
			runOnlyForDeploymentPostprocessing = 0;
		};
		39DCA36222AB937A00CF71C4 /* Sources */ = {
			isa = PBXSourcesBuildPhase;
			buildActionMask = 2147483647;
			files = (
				39DCA36B22AB937A00CF71C4 /* ShowReportTests.swift in Sources */,
			);
			runOnlyForDeploymentPostprocessing = 0;
		};
/* End PBXSourcesBuildPhase section */

/* Begin PBXTargetDependency section */
		39DCA36822AB937A00CF71C4 /* PBXTargetDependency */ = {
			isa = PBXTargetDependency;
			target = 39DCA34C22AB937800CF71C4 /* ShowReport */;
			targetProxy = 39DCA36722AB937A00CF71C4 /* PBXContainerItemProxy */;
		};
/* End PBXTargetDependency section */

/* Begin PBXVariantGroup section */
		39DCA35E22AB937A00CF71C4 /* LaunchScreen.storyboard */ = {
			isa = PBXVariantGroup;
			children = (
				39DCA35F22AB937A00CF71C4 /* Base */,
			);
			name = LaunchScreen.storyboard;
			sourceTree = "<group>";
		};
/* End PBXVariantGroup section */

/* Begin XCBuildConfiguration section */
		39DCA36D22AB937A00CF71C4 /* Debug */ = {
			isa = XCBuildConfiguration;
			buildSettings = {
				ALWAYS_SEARCH_USER_PATHS = NO;
				CLANG_ANALYZER_NONNULL = YES;
				CLANG_ANALYZER_NUMBER_OBJECT_CONVERSION = YES_AGGRESSIVE;
				CLANG_CXX_LANGUAGE_STANDARD = "gnu++14";
				CLANG_CXX_LIBRARY = "libc++";
				CLANG_ENABLE_MODULES = YES;
				CLANG_ENABLE_OBJC_ARC = YES;
				CLANG_ENABLE_OBJC_WEAK = YES;
				CLANG_WARN_BLOCK_CAPTURE_AUTORELEASING = YES;
				CLANG_WARN_BOOL_CONVERSION = YES;
				CLANG_WARN_COMMA = YES;
				CLANG_WARN_CONSTANT_CONVERSION = YES;
				CLANG_WARN_DEPRECATED_OBJC_IMPLEMENTATIONS = YES;
				CLANG_WARN_DIRECT_OBJC_ISA_USAGE = YES_ERROR;
				CLANG_WARN_DOCUMENTATION_COMMENTS = YES;
				CLANG_WARN_EMPTY_BODY = YES;
				CLANG_WARN_ENUM_CONVERSION = YES;
				CLANG_WARN_INFINITE_RECURSION = YES;
				CLANG_WARN_INT_CONVERSION = YES;
				CLANG_WARN_NON_LITERAL_NULL_CONVERSION = YES;
				CLANG_WARN_OBJC_IMPLICIT_RETAIN_SELF = YES;
				CLANG_WARN_OBJC_LITERAL_CONVERSION = YES;
				CLANG_WARN_OBJC_ROOT_CLASS = YES_ERROR;
				CLANG_WARN_RANGE_LOOP_ANALYSIS = YES;
				CLANG_WARN_STRICT_PROTOTYPES = YES;
				CLANG_WARN_SUSPICIOUS_MOVE = YES;
				CLANG_WARN_UNGUARDED_AVAILABILITY = YES_AGGRESSIVE;
				CLANG_WARN_UNREACHABLE_CODE = YES;
				CLANG_WARN__DUPLICATE_METHOD_MATCH = YES;
				COPY_PHASE_STRIP = NO;
				DEBUG_INFORMATION_FORMAT = dwarf;
				ENABLE_STRICT_OBJC_MSGSEND = YES;
				ENABLE_TESTABILITY = YES;
				GCC_C_LANGUAGE_STANDARD = gnu11;
				GCC_DYNAMIC_NO_PIC = NO;
				GCC_NO_COMMON_BLOCKS = YES;
				GCC_OPTIMIZATION_LEVEL = 0;
				GCC_PREPROCESSOR_DEFINITIONS = (
					"DEBUG=1",
					"$(inherited)",
				);
				GCC_WARN_64_TO_32_BIT_CONVERSION = YES;
				GCC_WARN_ABOUT_RETURN_TYPE = YES_ERROR;
				GCC_WARN_UNDECLARED_SELECTOR = YES;
				GCC_WARN_UNINITIALIZED_AUTOS = YES_AGGRESSIVE;
				GCC_WARN_UNUSED_FUNCTION = YES;
				GCC_WARN_UNUSED_VARIABLE = YES;
				IPHONEOS_DEPLOYMENT_TARGET = 13.0;
				MTL_ENABLE_DEBUG_INFO = INCLUDE_SOURCE;
				MTL_FAST_MATH = YES;
				ONLY_ACTIVE_ARCH = YES;
				SDKROOT = iphoneos;
				SWIFT_ACTIVE_COMPILATION_CONDITIONS = DEBUG;
				SWIFT_OPTIMIZATION_LEVEL = "-Onone";
			};
			name = Debug;
		};
		39DCA36E22AB937A00CF71C4 /* Release */ = {
			isa = XCBuildConfiguration;
			buildSettings = {
				ALWAYS_SEARCH_USER_PATHS = NO;
				CLANG_ANALYZER_NONNULL = YES;
				CLANG_ANALYZER_NUMBER_OBJECT_CONVERSION = YES_AGGRESSIVE;
				CLANG_CXX_LANGUAGE_STANDARD = "gnu++14";
				CLANG_CXX_LIBRARY = "libc++";
				CLANG_ENABLE_MODULES = YES;
				CLANG_ENABLE_OBJC_ARC = YES;
				CLANG_ENABLE_OBJC_WEAK = YES;
				CLANG_WARN_BLOCK_CAPTURE_AUTORELEASING = YES;
				CLANG_WARN_BOOL_CONVERSION = YES;
				CLANG_WARN_COMMA = YES;
				CLANG_WARN_CONSTANT_CONVERSION = YES;
				CLANG_WARN_DEPRECATED_OBJC_IMPLEMENTATIONS = YES;
				CLANG_WARN_DIRECT_OBJC_ISA_USAGE = YES_ERROR;
				CLANG_WARN_DOCUMENTATION_COMMENTS = YES;
				CLANG_WARN_EMPTY_BODY = YES;
				CLANG_WARN_ENUM_CONVERSION = YES;
				CLANG_WARN_INFINITE_RECURSION = YES;
				CLANG_WARN_INT_CONVERSION = YES;
				CLANG_WARN_NON_LITERAL_NULL_CONVERSION = YES;
				CLANG_WARN_OBJC_IMPLICIT_RETAIN_SELF = YES;
				CLANG_WARN_OBJC_LITERAL_CONVERSION = YES;
				CLANG_WARN_OBJC_ROOT_CLASS = YES_ERROR;
				CLANG_WARN_RANGE_LOOP_ANALYSIS = YES;
				CLANG_WARN_STRICT_PROTOTYPES = YES;
				CLANG_WARN_SUSPICIOUS_MOVE = YES;
				CLANG_WARN_UNGUARDED_AVAILABILITY = YES_AGGRESSIVE;
				CLANG_WARN_UNREACHABLE_CODE = YES;
				CLANG_WARN__DUPLICATE_METHOD_MATCH = YES;
				COPY_PHASE_STRIP = NO;
				DEBUG_INFORMATION_FORMAT = "dwarf-with-dsym";
				ENABLE_NS_ASSERTIONS = NO;
				ENABLE_STRICT_OBJC_MSGSEND = YES;
				GCC_C_LANGUAGE_STANDARD = gnu11;
				GCC_NO_COMMON_BLOCKS = YES;
				GCC_WARN_64_TO_32_BIT_CONVERSION = YES;
				GCC_WARN_ABOUT_RETURN_TYPE = YES_ERROR;
				GCC_WARN_UNDECLARED_SELECTOR = YES;
				GCC_WARN_UNINITIALIZED_AUTOS = YES_AGGRESSIVE;
				GCC_WARN_UNUSED_FUNCTION = YES;
				GCC_WARN_UNUSED_VARIABLE = YES;
				IPHONEOS_DEPLOYMENT_TARGET = 13.0;
				MTL_ENABLE_DEBUG_INFO = NO;
				MTL_FAST_MATH = YES;
				SDKROOT = iphoneos;
				SWIFT_COMPILATION_MODE = wholemodule;
				SWIFT_OPTIMIZATION_LEVEL = "-O";
				VALIDATE_PRODUCT = YES;
			};
			name = Release;
		};
		39DCA37022AB937A00CF71C4 /* Debug */ = {
			isa = XCBuildConfiguration;
			buildSettings = {
				ASSETCATALOG_COMPILER_APPICON_NAME = AppIcon;
				CODE_SIGN_STYLE = Automatic;
				DEVELOPMENT_ASSET_PATHS = "ShowReport/Preview\\ Content";
				DEVELOPMENT_TEAM = RM7C8J5K3X;
				ENABLE_PREVIEWS = YES;
				INFOPLIST_FILE = ShowReport/Info.plist;
				LD_RUNPATH_SEARCH_PATHS = (
					"$(inherited)",
					"@executable_path/Frameworks",
				);
				PRODUCT_BUNDLE_IDENTIFIER = net.matthewman.ShowReport;
				PRODUCT_NAME = "$(TARGET_NAME)";
				SWIFT_VERSION = 5.0;
				TARGETED_DEVICE_FAMILY = "1,2";
			};
			name = Debug;
		};
		39DCA37122AB937A00CF71C4 /* Release */ = {
			isa = XCBuildConfiguration;
			buildSettings = {
				ASSETCATALOG_COMPILER_APPICON_NAME = AppIcon;
				CODE_SIGN_STYLE = Automatic;
				DEVELOPMENT_ASSET_PATHS = "ShowReport/Preview\\ Content";
				DEVELOPMENT_TEAM = RM7C8J5K3X;
				ENABLE_PREVIEWS = YES;
				INFOPLIST_FILE = ShowReport/Info.plist;
				LD_RUNPATH_SEARCH_PATHS = (
					"$(inherited)",
					"@executable_path/Frameworks",
				);
				PRODUCT_BUNDLE_IDENTIFIER = net.matthewman.ShowReport;
				PRODUCT_NAME = "$(TARGET_NAME)";
				SWIFT_VERSION = 5.0;
				TARGETED_DEVICE_FAMILY = "1,2";
			};
			name = Release;
		};
		39DCA37322AB937A00CF71C4 /* Debug */ = {
			isa = XCBuildConfiguration;
			buildSettings = {
				ALWAYS_EMBED_SWIFT_STANDARD_LIBRARIES = YES;
				BUNDLE_LOADER = "$(TEST_HOST)";
				CODE_SIGN_STYLE = Automatic;
				DEVELOPMENT_TEAM = RM7C8J5K3X;
				INFOPLIST_FILE = ShowReportTests/Info.plist;
				LD_RUNPATH_SEARCH_PATHS = (
					"$(inherited)",
					"@executable_path/Frameworks",
					"@loader_path/Frameworks",
				);
				PRODUCT_BUNDLE_IDENTIFIER = net.matthewman.ShowReportTests;
				PRODUCT_NAME = "$(TARGET_NAME)";
				SWIFT_VERSION = 5.0;
				TARGETED_DEVICE_FAMILY = "1,2";
				TEST_HOST = "$(BUILT_PRODUCTS_DIR)/ShowReport.app/ShowReport";
			};
			name = Debug;
		};
		39DCA37422AB937A00CF71C4 /* Release */ = {
			isa = XCBuildConfiguration;
			buildSettings = {
				ALWAYS_EMBED_SWIFT_STANDARD_LIBRARIES = YES;
				BUNDLE_LOADER = "$(TEST_HOST)";
				CODE_SIGN_STYLE = Automatic;
				DEVELOPMENT_TEAM = RM7C8J5K3X;
				INFOPLIST_FILE = ShowReportTests/Info.plist;
				LD_RUNPATH_SEARCH_PATHS = (
					"$(inherited)",
					"@executable_path/Frameworks",
					"@loader_path/Frameworks",
				);
				PRODUCT_BUNDLE_IDENTIFIER = net.matthewman.ShowReportTests;
				PRODUCT_NAME = "$(TARGET_NAME)";
				SWIFT_VERSION = 5.0;
				TARGETED_DEVICE_FAMILY = "1,2";
				TEST_HOST = "$(BUILT_PRODUCTS_DIR)/ShowReport.app/ShowReport";
			};
			name = Release;
		};
/* End XCBuildConfiguration section */

/* Begin XCConfigurationList section */
		39DCA34822AB937800CF71C4 /* Build configuration list for PBXProject "ShowReport" */ = {
			isa = XCConfigurationList;
			buildConfigurations = (
				39DCA36D22AB937A00CF71C4 /* Debug */,
				39DCA36E22AB937A00CF71C4 /* Release */,
			);
			defaultConfigurationIsVisible = 0;
			defaultConfigurationName = Release;
		};
		39DCA36F22AB937A00CF71C4 /* Build configuration list for PBXNativeTarget "ShowReport" */ = {
			isa = XCConfigurationList;
			buildConfigurations = (
				39DCA37022AB937A00CF71C4 /* Debug */,
				39DCA37122AB937A00CF71C4 /* Release */,
			);
			defaultConfigurationIsVisible = 0;
			defaultConfigurationName = Release;
		};
		39DCA37222AB937A00CF71C4 /* Build configuration list for PBXNativeTarget "ShowReportTests" */ = {
			isa = XCConfigurationList;
			buildConfigurations = (
				39DCA37322AB937A00CF71C4 /* Debug */,
				39DCA37422AB937A00CF71C4 /* Release */,
			);
			defaultConfigurationIsVisible = 0;
			defaultConfigurationName = Release;
		};
/* End XCConfigurationList section */

/* Begin XCVersionGroup section */
		39DCA35422AB937800CF71C4 /* ShowReport.xcdatamodeld */ = {
			isa = XCVersionGroup;
			children = (
				39DCA35522AB937800CF71C4 /* ShowReport.xcdatamodel */,
			);
			currentVersion = 39DCA35522AB937800CF71C4 /* ShowReport.xcdatamodel */;
			path = ShowReport.xcdatamodeld;
			sourceTree = "<group>";
			versionGroupType = wrapper.xcdatamodel;
		};
/* End XCVersionGroup section */
	};
	rootObject = 39DCA34522AB937800CF71C4 /* Project object */;
}
